
Microsoft Visual Studio Solution File, Format Version 12.00
Project("{FAE04EC0-301F-11D3-BF4B-00C04F79EFBC}") = "HS2_UnlockPlayerHClothes", "HS2_UnlockPlayerHClothes\HS2_UnlockPlayerHClothes.csproj", "{1F53CB8C-A938-4D24-A43B-58405208420D}"
EndProject
Project("{FAE04EC0-301F-11D3-BF4B-00C04F79EFBC}") = "AI_UnlockPlayerHClothes", "AI_UnlockPlayerHClothes\AI_UnlockPlayerHClothes.csproj", "{44B5A374-F61A-4325-B261-8E01E8A39EDC}"
EndProject
Global
	GlobalSection(SolutionConfigurationPlatforms) = preSolution
		Debug|Any CPU = Debug|Any CPU
		Release|Any CPU = Release|Any CPU
	EndGlobalSection
	GlobalSection(ProjectConfigurationPlatforms) = postSolution
		{1F53CB8C-A938-4D24-A43B-58405208420D}.Debug|Any CPU.ActiveCfg = Debug|Any CPU
		{1F53CB8C-A938-4D24-A43B-58405208420D}.Debug|Any CPU.Build.0 = Debug|Any CPU
		{1F53CB8C-A938-4D24-A43B-58405208420D}.Release|Any CPU.ActiveCfg = Release|Any CPU
		{1F53CB8C-A938-4D24-A43B-58405208420D}.Release|Any CPU.Build.0 = Release|Any CPU
		{44B5A374-F61A-4325-B261-8E01E8A39EDC}.Debug|Any CPU.ActiveCfg = Debug|Any CPU
		{44B5A374-F61A-4325-B261-8E01E8A39EDC}.Debug|Any CPU.Build.0 = Debug|Any CPU
		{44B5A374-F61A-4325-B261-8E01E8A39EDC}.Release|Any CPU.ActiveCfg = Release|Any CPU
		{44B5A374-F61A-4325-B261-8E01E8A39EDC}.Release|Any CPU.Build.0 = Release|Any CPU
	EndGlobalSection
EndGlobal
